
Microsoft Visual Studio Solution File, Format Version 12.00
# Visual Studio Version 16
VisualStudioVersion = 16.0.28902.138
MinimumVisualStudioVersion = 10.0.40219.1
Project("{2150E333-8FDC-42A3-9474-1A3956D46DE8}") = "Common", "Common", "{E5274E36-72D5-4AB5-BED2-B3FB92BA3287}"
EndProject
Project("{2150E333-8FDC-42A3-9474-1A3956D46DE8}") = "Sdk", "Sdk", "{9EF883D9-6FE3-4E41-9B02-DD6BCFEF507D}"
EndProject
Project("{2150E333-8FDC-42A3-9474-1A3956D46DE8}") = "Utils", "Utils", "{5CB3466E-2E0F-4CF5-A99E-0B019381285B}"
EndProject
Project("{9A19103F-16F7-4668-BE54-9A1E7A4F7556}") = "Scaffolding.Utils.Abstractions", "Utils\Abstractions\Scaffolding.Utils.Abstractions.csproj", "{EB2A294E-26C2-4407-96A3-54E69A1181EA}"
EndProject
Project("{9A19103F-16F7-4668-BE54-9A1E7A4F7556}") = "ScaffoldingUtils.Maintenance", "Utils\Maintenance\ScaffoldingUtils.Maintenance.csproj", "{9A2DCAD2-C674-4B9B-B4AE-CB0A2C1CE656}"
EndProject
Project("{2150E333-8FDC-42A3-9474-1A3956D46DE8}") = "Tests", "Tests", "{039361A0-52B5-4EBE-B50E-5B6834A062A1}"
EndProject
Project("{9A19103F-16F7-4668-BE54-9A1E7A4F7556}") = "Scaffolding.Tests.Utils", "Tests\Utils\Scaffolding.Tests.Utils.csproj", "{02EDE3FF-D04E-4514-8024-6BEDADB3CF9D}"
EndProject
Project("{9A19103F-16F7-4668-BE54-9A1E7A4F7556}") = "Scaffolding.Common.Helpers", "Common\Common\Scaffolding.Common.Helpers.csproj", "{82EA7EC9-A39F-43C3-B6F1-EF99B235C98D}"
EndProject
Project("{2150E333-8FDC-42A3-9474-1A3956D46DE8}") = "Sheduler", "Sheduler", "{B909C43D-BB07-4930-A752-AD5E63F39770}"
	ProjectSection(SolutionItems) = preProject
		_readme.txt = _readme.txt
	EndProjectSection
EndProject
Project("{2150E333-8FDC-42A3-9474-1A3956D46DE8}") = "libraries", "libraries", "{E8883F40-7B4B-41FD-8805-C69B6B78FD90}"
EndProject
Project("{9A19103F-16F7-4668-BE54-9A1E7A4F7556}") = "Scaffolding.Scheduler.Abstractions", "Scheduler\libraries\Abstractions\Scaffolding.Scheduler.Abstractions.csproj", "{951DC75C-E1DA-4C9D-A99F-AB3FFB661614}"
EndProject
Project("{9A19103F-16F7-4668-BE54-9A1E7A4F7556}") = "Scaffolding.Tests.Scheduler", "Tests\Scheduler\Scaffolding.Tests.Scheduler.csproj", "{C4FCB163-481F-401F-AB57-60466496F2F4}"
EndProject
Project("{9A19103F-16F7-4668-BE54-9A1E7A4F7556}") = "Scaffolding.Scheduler.Core", "Scheduler\libraries\Core\Scaffolding.Scheduler.Core.csproj", "{C4539735-5EE8-4176-86FB-799A017474AD}"
EndProject
Project("{2150E333-8FDC-42A3-9474-1A3956D46DE8}") = "Storage", "Storage", "{4280C858-B548-4243-9DB3-9C4B74CCE1FA}"
EndProject
Project("{9A19103F-16F7-4668-BE54-9A1E7A4F7556}") = "Scaffolding.Storage.Abstractions", "Storage\libraries\Abstractions\Scaffolding.Storage.Abstractions.csproj", "{D427CC6D-2321-439D-94EF-52BD3A85A0B3}"
EndProject
Project("{9A19103F-16F7-4668-BE54-9A1E7A4F7556}") = "Scaffolding.Storage.AzureStorage", "Storage\libraries\AzureStorage\Scaffolding.Storage.AzureStorage.csproj", "{6F1B87E2-F9CB-41EE-9C71-1A42E59A6A58}"
EndProject
Project("{FAE04EC0-301F-11D3-BF4B-00C04F79EFBC}") = "Scaffolding.Tests.Storage", "Tests\Storing\Scaffolding.Tests.Storage.csproj", "{F968E70E-1D7E-44A8-902C-E8A63C35915A}"
EndProject
Project("{FAE04EC0-301F-11D3-BF4B-00C04F79EFBC}") = "Scaffolding.Storage.Services", "Storage\libraries\Services\Scaffolding.Storage.Services.csproj", "{180636AB-8ED4-4654-82F8-BFD6D6CEAE81}"
EndProject
Global
	GlobalSection(SolutionConfigurationPlatforms) = preSolution
		Debug|Any CPU = Debug|Any CPU
		Release|Any CPU = Release|Any CPU
	EndGlobalSection
	GlobalSection(ProjectConfigurationPlatforms) = postSolution
		{EB2A294E-26C2-4407-96A3-54E69A1181EA}.Debug|Any CPU.ActiveCfg = Debug|Any CPU
		{EB2A294E-26C2-4407-96A3-54E69A1181EA}.Debug|Any CPU.Build.0 = Debug|Any CPU
		{EB2A294E-26C2-4407-96A3-54E69A1181EA}.Release|Any CPU.ActiveCfg = Release|Any CPU
		{EB2A294E-26C2-4407-96A3-54E69A1181EA}.Release|Any CPU.Build.0 = Release|Any CPU
		{9A2DCAD2-C674-4B9B-B4AE-CB0A2C1CE656}.Debug|Any CPU.ActiveCfg = Debug|Any CPU
		{9A2DCAD2-C674-4B9B-B4AE-CB0A2C1CE656}.Debug|Any CPU.Build.0 = Debug|Any CPU
		{9A2DCAD2-C674-4B9B-B4AE-CB0A2C1CE656}.Release|Any CPU.ActiveCfg = Release|Any CPU
		{9A2DCAD2-C674-4B9B-B4AE-CB0A2C1CE656}.Release|Any CPU.Build.0 = Release|Any CPU
		{02EDE3FF-D04E-4514-8024-6BEDADB3CF9D}.Debug|Any CPU.ActiveCfg = Debug|Any CPU
		{02EDE3FF-D04E-4514-8024-6BEDADB3CF9D}.Debug|Any CPU.Build.0 = Debug|Any CPU
		{02EDE3FF-D04E-4514-8024-6BEDADB3CF9D}.Release|Any CPU.ActiveCfg = Release|Any CPU
		{02EDE3FF-D04E-4514-8024-6BEDADB3CF9D}.Release|Any CPU.Build.0 = Release|Any CPU
		{82EA7EC9-A39F-43C3-B6F1-EF99B235C98D}.Debug|Any CPU.ActiveCfg = Debug|Any CPU
		{82EA7EC9-A39F-43C3-B6F1-EF99B235C98D}.Debug|Any CPU.Build.0 = Debug|Any CPU
		{82EA7EC9-A39F-43C3-B6F1-EF99B235C98D}.Release|Any CPU.ActiveCfg = Release|Any CPU
		{82EA7EC9-A39F-43C3-B6F1-EF99B235C98D}.Release|Any CPU.Build.0 = Release|Any CPU
		{951DC75C-E1DA-4C9D-A99F-AB3FFB661614}.Debug|Any CPU.ActiveCfg = Debug|Any CPU
		{951DC75C-E1DA-4C9D-A99F-AB3FFB661614}.Debug|Any CPU.Build.0 = Debug|Any CPU
		{951DC75C-E1DA-4C9D-A99F-AB3FFB661614}.Release|Any CPU.ActiveCfg = Release|Any CPU
		{951DC75C-E1DA-4C9D-A99F-AB3FFB661614}.Release|Any CPU.Build.0 = Release|Any CPU
		{C4FCB163-481F-401F-AB57-60466496F2F4}.Debug|Any CPU.ActiveCfg = Debug|Any CPU
		{C4FCB163-481F-401F-AB57-60466496F2F4}.Debug|Any CPU.Build.0 = Debug|Any CPU
		{C4FCB163-481F-401F-AB57-60466496F2F4}.Release|Any CPU.ActiveCfg = Release|Any CPU
		{C4FCB163-481F-401F-AB57-60466496F2F4}.Release|Any CPU.Build.0 = Release|Any CPU
		{C4539735-5EE8-4176-86FB-799A017474AD}.Debug|Any CPU.ActiveCfg = Debug|Any CPU
		{C4539735-5EE8-4176-86FB-799A017474AD}.Debug|Any CPU.Build.0 = Debug|Any CPU
		{C4539735-5EE8-4176-86FB-799A017474AD}.Release|Any CPU.ActiveCfg = Release|Any CPU
		{C4539735-5EE8-4176-86FB-799A017474AD}.Release|Any CPU.Build.0 = Release|Any CPU
		{D427CC6D-2321-439D-94EF-52BD3A85A0B3}.Debug|Any CPU.ActiveCfg = Debug|Any CPU
		{D427CC6D-2321-439D-94EF-52BD3A85A0B3}.Debug|Any CPU.Build.0 = Debug|Any CPU
		{D427CC6D-2321-439D-94EF-52BD3A85A0B3}.Release|Any CPU.ActiveCfg = Release|Any CPU
		{D427CC6D-2321-439D-94EF-52BD3A85A0B3}.Release|Any CPU.Build.0 = Release|Any CPU
		{6F1B87E2-F9CB-41EE-9C71-1A42E59A6A58}.Debug|Any CPU.ActiveCfg = Debug|Any CPU
		{6F1B87E2-F9CB-41EE-9C71-1A42E59A6A58}.Debug|Any CPU.Build.0 = Debug|Any CPU
		{6F1B87E2-F9CB-41EE-9C71-1A42E59A6A58}.Release|Any CPU.ActiveCfg = Release|Any CPU
		{6F1B87E2-F9CB-41EE-9C71-1A42E59A6A58}.Release|Any CPU.Build.0 = Release|Any CPU
		{F968E70E-1D7E-44A8-902C-E8A63C35915A}.Debug|Any CPU.ActiveCfg = Debug|Any CPU
		{F968E70E-1D7E-44A8-902C-E8A63C35915A}.Debug|Any CPU.Build.0 = Debug|Any CPU
		{F968E70E-1D7E-44A8-902C-E8A63C35915A}.Release|Any CPU.ActiveCfg = Release|Any CPU
		{F968E70E-1D7E-44A8-902C-E8A63C35915A}.Release|Any CPU.Build.0 = Release|Any CPU
		{180636AB-8ED4-4654-82F8-BFD6D6CEAE81}.Debug|Any CPU.ActiveCfg = Debug|Any CPU
		{180636AB-8ED4-4654-82F8-BFD6D6CEAE81}.Debug|Any CPU.Build.0 = Debug|Any CPU
		{180636AB-8ED4-4654-82F8-BFD6D6CEAE81}.Release|Any CPU.ActiveCfg = Release|Any CPU
		{180636AB-8ED4-4654-82F8-BFD6D6CEAE81}.Release|Any CPU.Build.0 = Release|Any CPU
	EndGlobalSection
	GlobalSection(SolutionProperties) = preSolution
		HideSolutionNode = FALSE
	EndGlobalSection
	GlobalSection(NestedProjects) = preSolution
		{EB2A294E-26C2-4407-96A3-54E69A1181EA} = {5CB3466E-2E0F-4CF5-A99E-0B019381285B}
		{9A2DCAD2-C674-4B9B-B4AE-CB0A2C1CE656} = {5CB3466E-2E0F-4CF5-A99E-0B019381285B}
		{02EDE3FF-D04E-4514-8024-6BEDADB3CF9D} = {039361A0-52B5-4EBE-B50E-5B6834A062A1}
		{82EA7EC9-A39F-43C3-B6F1-EF99B235C98D} = {E5274E36-72D5-4AB5-BED2-B3FB92BA3287}
		{E8883F40-7B4B-41FD-8805-C69B6B78FD90} = {B909C43D-BB07-4930-A752-AD5E63F39770}
		{951DC75C-E1DA-4C9D-A99F-AB3FFB661614} = {E8883F40-7B4B-41FD-8805-C69B6B78FD90}
		{C4FCB163-481F-401F-AB57-60466496F2F4} = {039361A0-52B5-4EBE-B50E-5B6834A062A1}
		{C4539735-5EE8-4176-86FB-799A017474AD} = {E8883F40-7B4B-41FD-8805-C69B6B78FD90}
		{D427CC6D-2321-439D-94EF-52BD3A85A0B3} = {4280C858-B548-4243-9DB3-9C4B74CCE1FA}
		{6F1B87E2-F9CB-41EE-9C71-1A42E59A6A58} = {4280C858-B548-4243-9DB3-9C4B74CCE1FA}
		{F968E70E-1D7E-44A8-902C-E8A63C35915A} = {039361A0-52B5-4EBE-B50E-5B6834A062A1}
		{180636AB-8ED4-4654-82F8-BFD6D6CEAE81} = {4280C858-B548-4243-9DB3-9C4B74CCE1FA}
	EndGlobalSection
	GlobalSection(ExtensibilityGlobals) = postSolution
		SolutionGuid = {3905E666-1C04-492D-B7D7-8081BC6845CA}
	EndGlobalSection
EndGlobal
